// !$*UTF8*$!
{
	archiveVersion = 1;
	classes = {
	};
	objectVersion = 50;
	objects = {

/* Begin PBXBuildFile section */
		1A543F2E22A585FA008EF90B /* FeatureLightingResponse.swift in Sources */ = {isa = PBXBuildFile; fileRef = 1A543F2D22A585FA008EF90B /* FeatureLightingResponse.swift */; };
		1A543F3022A58A6A008EF90B /* GetFeatureLights.swift in Sources */ = {isa = PBXBuildFile; fileRef = 1A543F2F22A58A6A008EF90B /* GetFeatureLights.swift */; };
		1A543F3222A58D31008EF90B /* StreetLightsResponse.swift in Sources */ = {isa = PBXBuildFile; fileRef = 1A543F3122A58D31008EF90B /* StreetLightsResponse.swift */; };
		1A543F3422A58D62008EF90B /* GetStreetLights.swift in Sources */ = {isa = PBXBuildFile; fileRef = 1A543F3322A58D62008EF90B /* GetStreetLights.swift */; };
		1A543F3622A5BCE9008EF90B /* LightLocation.swift in Sources */ = {isa = PBXBuildFile; fileRef = 1A543F3522A5BCE9008EF90B /* LightLocation.swift */; };
		1AB6B3B922A878EC0012F7D5 /* StreetLight.swift in Sources */ = {isa = PBXBuildFile; fileRef = 1AB6B3B822A878EC0012F7D5 /* StreetLight.swift */; };
		1AB6B3BC22A87E7E0012F7D5 /* UIView+Extensions.swift in Sources */ = {isa = PBXBuildFile; fileRef = 1AB6B3BB22A87E7E0012F7D5 /* UIView+Extensions.swift */; };
		1AB6B3D522AAE2A40012F7D5 /* DashboardViewController.swift in Sources */ = {isa = PBXBuildFile; fileRef = 1AB6B3D422AAE2A40012F7D5 /* DashboardViewController.swift */; };
		1AB6B3DA22AAE7910012F7D5 /* DashboardCollectionViewCell.swift in Sources */ = {isa = PBXBuildFile; fileRef = 1AB6B3D822AAE7910012F7D5 /* DashboardCollectionViewCell.swift */; };
		1AB6B3DB22AAE7910012F7D5 /* DashboardCollectionViewCell.xib in Resources */ = {isa = PBXBuildFile; fileRef = 1AB6B3D922AAE7910012F7D5 /* DashboardCollectionViewCell.xib */; };
		1AB6B3DD22AAEA190012F7D5 /* DashboardButton.swift in Sources */ = {isa = PBXBuildFile; fileRef = 1AB6B3DC22AAEA190012F7D5 /* DashboardButton.swift */; };
		1AB71CD122A72ADA00909561 /* NightLightOverlay.swift in Sources */ = {isa = PBXBuildFile; fileRef = 1AB71CD022A72ADA00909561 /* NightLightOverlay.swift */; };
		1AE0B41222A328A800CB2B98 /* AppDelegate.swift in Sources */ = {isa = PBXBuildFile; fileRef = 1AE0B41122A328A800CB2B98 /* AppDelegate.swift */; };
		1AE0B41422A328A800CB2B98 /* ViewController.swift in Sources */ = {isa = PBXBuildFile; fileRef = 1AE0B41322A328A800CB2B98 /* ViewController.swift */; };
		1AE0B41722A328A800CB2B98 /* Main.storyboard in Resources */ = {isa = PBXBuildFile; fileRef = 1AE0B41522A328A800CB2B98 /* Main.storyboard */; };
		1AE0B41922A328AB00CB2B98 /* Assets.xcassets in Resources */ = {isa = PBXBuildFile; fileRef = 1AE0B41822A328AB00CB2B98 /* Assets.xcassets */; };
		1AE0B41C22A328AB00CB2B98 /* LaunchScreen.storyboard in Resources */ = {isa = PBXBuildFile; fileRef = 1AE0B41A22A328AB00CB2B98 /* LaunchScreen.storyboard */; };
		1AE0B42E22A3314F00CB2B98 /* GetPedestrianCounterLocations.swift in Sources */ = {isa = PBXBuildFile; fileRef = 1AE0B42D22A3314F00CB2B98 /* GetPedestrianCounterLocations.swift */; };
		1AE0B43122A3319F00CB2B98 /* PedestrianCounterLocationResponse.swift in Sources */ = {isa = PBXBuildFile; fileRef = 1AE0B43022A3319F00CB2B98 /* PedestrianCounterLocationResponse.swift */; };
		1AE0B43622A335C700CB2B98 /* APIEndpoint.swift in Sources */ = {isa = PBXBuildFile; fileRef = 1AE0B43522A335C700CB2B98 /* APIEndpoint.swift */; };
		1AE0B43822A3362700CB2B98 /* APIRequest.swift in Sources */ = {isa = PBXBuildFile; fileRef = 1AE0B43722A3362700CB2B98 /* APIRequest.swift */; };
		1AE0B43A22A47CE000CB2B98 /* PedestrianCounterAnnotation.swift in Sources */ = {isa = PBXBuildFile; fileRef = 1AE0B43922A47CE000CB2B98 /* PedestrianCounterAnnotation.swift */; };
		1AE0B43C22A4812800CB2B98 /* PedestrianCounterResponse.swift in Sources */ = {isa = PBXBuildFile; fileRef = 1AE0B43B22A4812800CB2B98 /* PedestrianCounterResponse.swift */; };
		1AE0B43E22A4820100CB2B98 /* GetPedestrianCount.swift in Sources */ = {isa = PBXBuildFile; fileRef = 1AE0B43D22A4820100CB2B98 /* GetPedestrianCount.swift */; };
		1AE0B44022A485F300CB2B98 /* PedestrianCounter.swift in Sources */ = {isa = PBXBuildFile; fileRef = 1AE0B43F22A485F300CB2B98 /* PedestrianCounter.swift */; };
		1AE0B44222A48DF300CB2B98 /* Location.swift in Sources */ = {isa = PBXBuildFile; fileRef = 1AE0B44122A48DF300CB2B98 /* Location.swift */; };
/* End PBXBuildFile section */

/* Begin PBXFileReference section */
		1A543F2D22A585FA008EF90B /* FeatureLightingResponse.swift */ = {isa = PBXFileReference; lastKnownFileType = sourcecode.swift; path = FeatureLightingResponse.swift; sourceTree = "<group>"; };
		1A543F2F22A58A6A008EF90B /* GetFeatureLights.swift */ = {isa = PBXFileReference; lastKnownFileType = sourcecode.swift; path = GetFeatureLights.swift; sourceTree = "<group>"; };
		1A543F3122A58D31008EF90B /* StreetLightsResponse.swift */ = {isa = PBXFileReference; lastKnownFileType = sourcecode.swift; path = StreetLightsResponse.swift; sourceTree = "<group>"; };
		1A543F3322A58D62008EF90B /* GetStreetLights.swift */ = {isa = PBXFileReference; lastKnownFileType = sourcecode.swift; path = GetStreetLights.swift; sourceTree = "<group>"; };
		1A543F3522A5BCE9008EF90B /* LightLocation.swift */ = {isa = PBXFileReference; lastKnownFileType = sourcecode.swift; path = LightLocation.swift; sourceTree = "<group>"; };
		1AB6B3B822A878EC0012F7D5 /* StreetLight.swift */ = {isa = PBXFileReference; lastKnownFileType = sourcecode.swift; path = StreetLight.swift; sourceTree = "<group>"; };
		1AB6B3BB22A87E7E0012F7D5 /* UIView+Extensions.swift */ = {isa = PBXFileReference; lastKnownFileType = sourcecode.swift; path = "UIView+Extensions.swift"; sourceTree = "<group>"; };
		1AB6B3D422AAE2A40012F7D5 /* DashboardViewController.swift */ = {isa = PBXFileReference; lastKnownFileType = sourcecode.swift; path = DashboardViewController.swift; sourceTree = "<group>"; };
		1AB6B3D822AAE7910012F7D5 /* DashboardCollectionViewCell.swift */ = {isa = PBXFileReference; lastKnownFileType = sourcecode.swift; path = DashboardCollectionViewCell.swift; sourceTree = "<group>"; };
		1AB6B3D922AAE7910012F7D5 /* DashboardCollectionViewCell.xib */ = {isa = PBXFileReference; lastKnownFileType = file.xib; path = DashboardCollectionViewCell.xib; sourceTree = "<group>"; };
		1AB6B3DC22AAEA190012F7D5 /* DashboardButton.swift */ = {isa = PBXFileReference; lastKnownFileType = sourcecode.swift; path = DashboardButton.swift; sourceTree = "<group>"; };
		1AB71CD022A72ADA00909561 /* NightLightOverlay.swift */ = {isa = PBXFileReference; lastKnownFileType = sourcecode.swift; path = NightLightOverlay.swift; sourceTree = "<group>"; };
		1AE0B40E22A328A800CB2B98 /* Light up the night.app */ = {isa = PBXFileReference; explicitFileType = wrapper.application; includeInIndex = 0; path = "Light up the night.app"; sourceTree = BUILT_PRODUCTS_DIR; };
		1AE0B41122A328A800CB2B98 /* AppDelegate.swift */ = {isa = PBXFileReference; lastKnownFileType = sourcecode.swift; path = AppDelegate.swift; sourceTree = "<group>"; };
		1AE0B41322A328A800CB2B98 /* ViewController.swift */ = {isa = PBXFileReference; lastKnownFileType = sourcecode.swift; path = ViewController.swift; sourceTree = "<group>"; };
		1AE0B41622A328A800CB2B98 /* Base */ = {isa = PBXFileReference; lastKnownFileType = file.storyboard; name = Base; path = Base.lproj/Main.storyboard; sourceTree = "<group>"; };
		1AE0B41822A328AB00CB2B98 /* Assets.xcassets */ = {isa = PBXFileReference; lastKnownFileType = folder.assetcatalog; path = Assets.xcassets; sourceTree = "<group>"; };
		1AE0B41B22A328AB00CB2B98 /* Base */ = {isa = PBXFileReference; lastKnownFileType = file.storyboard; name = Base; path = Base.lproj/LaunchScreen.storyboard; sourceTree = "<group>"; };
		1AE0B41D22A328AB00CB2B98 /* Info.plist */ = {isa = PBXFileReference; lastKnownFileType = text.plist.xml; path = Info.plist; sourceTree = "<group>"; };
		1AE0B42D22A3314F00CB2B98 /* GetPedestrianCounterLocations.swift */ = {isa = PBXFileReference; lastKnownFileType = sourcecode.swift; path = GetPedestrianCounterLocations.swift; sourceTree = "<group>"; };
		1AE0B43022A3319F00CB2B98 /* PedestrianCounterLocationResponse.swift */ = {isa = PBXFileReference; lastKnownFileType = sourcecode.swift; path = PedestrianCounterLocationResponse.swift; sourceTree = "<group>"; };
		1AE0B43522A335C700CB2B98 /* APIEndpoint.swift */ = {isa = PBXFileReference; lastKnownFileType = sourcecode.swift; path = APIEndpoint.swift; sourceTree = "<group>"; };
		1AE0B43722A3362700CB2B98 /* APIRequest.swift */ = {isa = PBXFileReference; lastKnownFileType = sourcecode.swift; path = APIRequest.swift; sourceTree = "<group>"; };
		1AE0B43922A47CE000CB2B98 /* PedestrianCounterAnnotation.swift */ = {isa = PBXFileReference; lastKnownFileType = sourcecode.swift; path = PedestrianCounterAnnotation.swift; sourceTree = "<group>"; };
		1AE0B43B22A4812800CB2B98 /* PedestrianCounterResponse.swift */ = {isa = PBXFileReference; lastKnownFileType = sourcecode.swift; path = PedestrianCounterResponse.swift; sourceTree = "<group>"; };
		1AE0B43D22A4820100CB2B98 /* GetPedestrianCount.swift */ = {isa = PBXFileReference; lastKnownFileType = sourcecode.swift; path = GetPedestrianCount.swift; sourceTree = "<group>"; };
		1AE0B43F22A485F300CB2B98 /* PedestrianCounter.swift */ = {isa = PBXFileReference; lastKnownFileType = sourcecode.swift; path = PedestrianCounter.swift; sourceTree = "<group>"; };
		1AE0B44122A48DF300CB2B98 /* Location.swift */ = {isa = PBXFileReference; lastKnownFileType = sourcecode.swift; path = Location.swift; sourceTree = "<group>"; };
/* End PBXFileReference section */

/* Begin PBXFrameworksBuildPhase section */
		1AE0B40B22A328A800CB2B98 /* Frameworks */ = {
			isa = PBXFrameworksBuildPhase;
			buildActionMask = 2147483647;
			files = (
			);
			runOnlyForDeploymentPostprocessing = 0;
		};
/* End PBXFrameworksBuildPhase section */

/* Begin PBXGroup section */
		1AB6B3BA22A87E6E0012F7D5 /* Extensions */ = {
			isa = PBXGroup;
			children = (
				1AB6B3BB22A87E7E0012F7D5 /* UIView+Extensions.swift */,
			);
			path = Extensions;
			sourceTree = "<group>";
		};
		1AB6B3D322AAE2860012F7D5 /* Screens */ = {
			isa = PBXGroup;
			children = (
				1AB6B3D622AAE7520012F7D5 /* Dashboard */,
			);
			path = Screens;
			sourceTree = "<group>";
		};
		1AB6B3D622AAE7520012F7D5 /* Dashboard */ = {
			isa = PBXGroup;
			children = (
				1AB6B3D722AAE7690012F7D5 /* Views */,
				1AB6B3D422AAE2A40012F7D5 /* DashboardViewController.swift */,
			);
			path = Dashboard;
			sourceTree = "<group>";
		};
		1AB6B3D722AAE7690012F7D5 /* Views */ = {
			isa = PBXGroup;
			children = (
				1AB6B3D822AAE7910012F7D5 /* DashboardCollectionViewCell.swift */,
				1AB6B3D922AAE7910012F7D5 /* DashboardCollectionViewCell.xib */,
			);
			path = Views;
			sourceTree = "<group>";
		};
		1AB71CCF22A72AB100909561 /* Classes */ = {
			isa = PBXGroup;
			children = (
				1AB71CD022A72ADA00909561 /* NightLightOverlay.swift */,
				1AB6B3B822A878EC0012F7D5 /* StreetLight.swift */,
				1AB6B3DC22AAEA190012F7D5 /* DashboardButton.swift */,
			);
			path = Classes;
			sourceTree = "<group>";
		};
		1AE0B40522A328A800CB2B98 = {
			isa = PBXGroup;
			children = (
				1AE0B41022A328A800CB2B98 /* Light up the night */,
				1AE0B40F22A328A800CB2B98 /* Products */,
			);
			sourceTree = "<group>";
		};
		1AE0B40F22A328A800CB2B98 /* Products */ = {
			isa = PBXGroup;
			children = (
				1AE0B40E22A328A800CB2B98 /* Light up the night.app */,
			);
			name = Products;
			sourceTree = "<group>";
		};
		1AE0B41022A328A800CB2B98 /* Light up the night */ = {
			isa = PBXGroup;
			children = (
				1AB6B3D322AAE2860012F7D5 /* Screens */,
				1AB6B3BA22A87E6E0012F7D5 /* Extensions */,
				1AB71CCF22A72AB100909561 /* Classes */,
				1AE0B42322A32E5500CB2B98 /* Networking */,
				1AE0B41122A328A800CB2B98 /* AppDelegate.swift */,
				1AE0B41322A328A800CB2B98 /* ViewController.swift */,
				1AE0B41522A328A800CB2B98 /* Main.storyboard */,
				1AE0B41822A328AB00CB2B98 /* Assets.xcassets */,
				1AE0B41A22A328AB00CB2B98 /* LaunchScreen.storyboard */,
				1AE0B41D22A328AB00CB2B98 /* Info.plist */,
			);
			path = "Light up the night";
			sourceTree = "<group>";
		};
		1AE0B42322A32E5500CB2B98 /* Networking */ = {
			isa = PBXGroup;
			children = (
				1AE0B42A22A3311300CB2B98 /* APIs */,
			);
			path = Networking;
			sourceTree = "<group>";
		};
		1AE0B42A22A3311300CB2B98 /* APIs */ = {
			isa = PBXGroup;
			children = (
				1AE0B43222A334A000CB2B98 /* Responses */,
				1AE0B42F22A3318200CB2B98 /* Requests */,
				1AE0B42C22A3312700CB2B98 /* Models */,
				1AE0B42B22A3312100CB2B98 /* Clients */,
			);
			path = APIs;
			sourceTree = "<group>";
		};
		1AE0B42B22A3312100CB2B98 /* Clients */ = {
			isa = PBXGroup;
			children = (
				1AE0B43522A335C700CB2B98 /* APIEndpoint.swift */,
				1AE0B43722A3362700CB2B98 /* APIRequest.swift */,
			);
			path = Clients;
			sourceTree = "<group>";
		};
		1AE0B42C22A3312700CB2B98 /* Models */ = {
			isa = PBXGroup;
			children = (
				1AE0B43922A47CE000CB2B98 /* PedestrianCounterAnnotation.swift */,
				1AE0B43F22A485F300CB2B98 /* PedestrianCounter.swift */,
				1AE0B44122A48DF300CB2B98 /* Location.swift */,
				1A543F3522A5BCE9008EF90B /* LightLocation.swift */,
			);
			path = Models;
			sourceTree = "<group>";
		};
		1AE0B42F22A3318200CB2B98 /* Requests */ = {
			isa = PBXGroup;
			children = (
				1AE0B42D22A3314F00CB2B98 /* GetPedestrianCounterLocations.swift */,
				1AE0B43D22A4820100CB2B98 /* GetPedestrianCount.swift */,
				1A543F2F22A58A6A008EF90B /* GetFeatureLights.swift */,
				1A543F3322A58D62008EF90B /* GetStreetLights.swift */,
			);
			path = Requests;
			sourceTree = "<group>";
		};
		1AE0B43222A334A000CB2B98 /* Responses */ = {
			isa = PBXGroup;
			children = (
				1AE0B43B22A4812800CB2B98 /* PedestrianCounterResponse.swift */,
				1AE0B43022A3319F00CB2B98 /* PedestrianCounterLocationResponse.swift */,
				1A543F2D22A585FA008EF90B /* FeatureLightingResponse.swift */,
				1A543F3122A58D31008EF90B /* StreetLightsResponse.swift */,
			);
			path = Responses;
			sourceTree = "<group>";
		};
/* End PBXGroup section */

/* Begin PBXNativeTarget section */
		1AE0B40D22A328A800CB2B98 /* Light up the night */ = {
			isa = PBXNativeTarget;
			buildConfigurationList = 1AE0B42022A328AB00CB2B98 /* Build configuration list for PBXNativeTarget "Light up the night" */;
			buildPhases = (
				1AE0B40A22A328A800CB2B98 /* Sources */,
				1AE0B40B22A328A800CB2B98 /* Frameworks */,
				1AE0B40C22A328A800CB2B98 /* Resources */,
			);
			buildRules = (
			);
			dependencies = (
			);
			name = "Light up the night";
			productName = "Light up the night";
			productReference = 1AE0B40E22A328A800CB2B98 /* Light up the night.app */;
			productType = "com.apple.product-type.application";
		};
/* End PBXNativeTarget section */

/* Begin PBXProject section */
		1AE0B40622A328A800CB2B98 /* Project object */ = {
			isa = PBXProject;
			attributes = {
				LastSwiftUpdateCheck = 1020;
				LastUpgradeCheck = 1020;
				ORGANIZATIONNAME = Archa;
				TargetAttributes = {
					1AE0B40D22A328A800CB2B98 = {
						CreatedOnToolsVersion = 10.2.1;
					};
				};
			};
			buildConfigurationList = 1AE0B40922A328A800CB2B98 /* Build configuration list for PBXProject "Light up the night" */;
			compatibilityVersion = "Xcode 9.3";
			developmentRegion = en;
			hasScannedForEncodings = 0;
			knownRegions = (
				en,
				Base,
			);
			mainGroup = 1AE0B40522A328A800CB2B98;
			productRefGroup = 1AE0B40F22A328A800CB2B98 /* Products */;
			projectDirPath = "";
			projectRoot = "";
			targets = (
				1AE0B40D22A328A800CB2B98 /* Light up the night */,
			);
		};
/* End PBXProject section */

/* Begin PBXResourcesBuildPhase section */
		1AE0B40C22A328A800CB2B98 /* Resources */ = {
			isa = PBXResourcesBuildPhase;
			buildActionMask = 2147483647;
			files = (
				1AE0B41C22A328AB00CB2B98 /* LaunchScreen.storyboard in Resources */,
				1AE0B41922A328AB00CB2B98 /* Assets.xcassets in Resources */,
				1AE0B41722A328A800CB2B98 /* Main.storyboard in Resources */,
				1AB6B3DB22AAE7910012F7D5 /* DashboardCollectionViewCell.xib in Resources */,
			);
			runOnlyForDeploymentPostprocessing = 0;
		};
/* End PBXResourcesBuildPhase section */

/* Begin PBXSourcesBuildPhase section */
		1AE0B40A22A328A800CB2B98 /* Sources */ = {
			isa = PBXSourcesBuildPhase;
			buildActionMask = 2147483647;
			files = (
				1AE0B41422A328A800CB2B98 /* ViewController.swift in Sources */,
				1AE0B44222A48DF300CB2B98 /* Location.swift in Sources */,
				1A543F3422A58D62008EF90B /* GetStreetLights.swift in Sources */,
				1A543F3022A58A6A008EF90B /* GetFeatureLights.swift in Sources */,
				1AB6B3DA22AAE7910012F7D5 /* DashboardCollectionViewCell.swift in Sources */,
				1AE0B43622A335C700CB2B98 /* APIEndpoint.swift in Sources */,
				1AB71CD122A72ADA00909561 /* NightLightOverlay.swift in Sources */,
				1AE0B43C22A4812800CB2B98 /* PedestrianCounterResponse.swift in Sources */,
				1AB6B3D522AAE2A40012F7D5 /* DashboardViewController.swift in Sources */,
				1AB6B3DD22AAEA190012F7D5 /* DashboardButton.swift in Sources */,
				1AE0B43A22A47CE000CB2B98 /* PedestrianCounterAnnotation.swift in Sources */,
				1A543F2E22A585FA008EF90B /* FeatureLightingResponse.swift in Sources */,
				1AE0B43122A3319F00CB2B98 /* PedestrianCounterLocationResponse.swift in Sources */,
				1AE0B41222A328A800CB2B98 /* AppDelegate.swift in Sources */,
				1AE0B43822A3362700CB2B98 /* APIRequest.swift in Sources */,
				1AB6B3BC22A87E7E0012F7D5 /* UIView+Extensions.swift in Sources */,
				1A543F3222A58D31008EF90B /* StreetLightsResponse.swift in Sources */,
				1AE0B42E22A3314F00CB2B98 /* GetPedestrianCounterLocations.swift in Sources */,
				1AE0B43E22A4820100CB2B98 /* GetPedestrianCount.swift in Sources */,
				1AE0B44022A485F300CB2B98 /* PedestrianCounter.swift in Sources */,
				1A543F3622A5BCE9008EF90B /* LightLocation.swift in Sources */,
				1AB6B3B922A878EC0012F7D5 /* StreetLight.swift in Sources */,
			);
			runOnlyForDeploymentPostprocessing = 0;
		};
/* End PBXSourcesBuildPhase section */

/* Begin PBXVariantGroup section */
		1AE0B41522A328A800CB2B98 /* Main.storyboard */ = {
			isa = PBXVariantGroup;
			children = (
				1AE0B41622A328A800CB2B98 /* Base */,
			);
			name = Main.storyboard;
			sourceTree = "<group>";
		};
		1AE0B41A22A328AB00CB2B98 /* LaunchScreen.storyboard */ = {
			isa = PBXVariantGroup;
			children = (
				1AE0B41B22A328AB00CB2B98 /* Base */,
			);
			name = LaunchScreen.storyboard;
			sourceTree = "<group>";
		};
/* End PBXVariantGroup section */

/* Begin XCBuildConfiguration section */
		1AE0B41E22A328AB00CB2B98 /* Debug */ = {
			isa = XCBuildConfiguration;
			buildSettings = {
				ALWAYS_SEARCH_USER_PATHS = NO;
				CLANG_ANALYZER_NONNULL = YES;
				CLANG_ANALYZER_NUMBER_OBJECT_CONVERSION = YES_AGGRESSIVE;
				CLANG_CXX_LANGUAGE_STANDARD = "gnu++14";
				CLANG_CXX_LIBRARY = "libc++";
				CLANG_ENABLE_MODULES = YES;
				CLANG_ENABLE_OBJC_ARC = YES;
				CLANG_ENABLE_OBJC_WEAK = YES;
				CLANG_WARN_BLOCK_CAPTURE_AUTORELEASING = YES;
				CLANG_WARN_BOOL_CONVERSION = YES;
				CLANG_WARN_COMMA = YES;
				CLANG_WARN_CONSTANT_CONVERSION = YES;
				CLANG_WARN_DEPRECATED_OBJC_IMPLEMENTATIONS = YES;
				CLANG_WARN_DIRECT_OBJC_ISA_USAGE = YES_ERROR;
				CLANG_WARN_DOCUMENTATION_COMMENTS = YES;
				CLANG_WARN_EMPTY_BODY = YES;
				CLANG_WARN_ENUM_CONVERSION = YES;
				CLANG_WARN_INFINITE_RECURSION = YES;
				CLANG_WARN_INT_CONVERSION = YES;
				CLANG_WARN_NON_LITERAL_NULL_CONVERSION = YES;
				CLANG_WARN_OBJC_IMPLICIT_RETAIN_SELF = YES;
				CLANG_WARN_OBJC_LITERAL_CONVERSION = YES;
				CLANG_WARN_OBJC_ROOT_CLASS = YES_ERROR;
				CLANG_WARN_RANGE_LOOP_ANALYSIS = YES;
				CLANG_WARN_STRICT_PROTOTYPES = YES;
				CLANG_WARN_SUSPICIOUS_MOVE = YES;
				CLANG_WARN_UNGUARDED_AVAILABILITY = YES_AGGRESSIVE;
				CLANG_WARN_UNREACHABLE_CODE = YES;
				CLANG_WARN__DUPLICATE_METHOD_MATCH = YES;
				CODE_SIGN_IDENTITY = "iPhone Developer";
				COPY_PHASE_STRIP = NO;
				DEBUG_INFORMATION_FORMAT = dwarf;
				ENABLE_STRICT_OBJC_MSGSEND = YES;
				ENABLE_TESTABILITY = YES;
				GCC_C_LANGUAGE_STANDARD = gnu11;
				GCC_DYNAMIC_NO_PIC = NO;
				GCC_NO_COMMON_BLOCKS = YES;
				GCC_OPTIMIZATION_LEVEL = 0;
				GCC_PREPROCESSOR_DEFINITIONS = (
					"DEBUG=1",
					"$(inherited)",
				);
				GCC_WARN_64_TO_32_BIT_CONVERSION = YES;
				GCC_WARN_ABOUT_RETURN_TYPE = YES_ERROR;
				GCC_WARN_UNDECLARED_SELECTOR = YES;
				GCC_WARN_UNINITIALIZED_AUTOS = YES_AGGRESSIVE;
				GCC_WARN_UNUSED_FUNCTION = YES;
				GCC_WARN_UNUSED_VARIABLE = YES;
				IPHONEOS_DEPLOYMENT_TARGET = 12.2;
				MTL_ENABLE_DEBUG_INFO = INCLUDE_SOURCE;
				MTL_FAST_MATH = YES;
				ONLY_ACTIVE_ARCH = YES;
				SDKROOT = iphoneos;
				SWIFT_ACTIVE_COMPILATION_CONDITIONS = DEBUG;
				SWIFT_OPTIMIZATION_LEVEL = "-Onone";
			};
			name = Debug;
		};
		1AE0B41F22A328AB00CB2B98 /* Release */ = {
			isa = XCBuildConfiguration;
			buildSettings = {
				ALWAYS_SEARCH_USER_PATHS = NO;
				CLANG_ANALYZER_NONNULL = YES;
				CLANG_ANALYZER_NUMBER_OBJECT_CONVERSION = YES_AGGRESSIVE;
				CLANG_CXX_LANGUAGE_STANDARD = "gnu++14";
				CLANG_CXX_LIBRARY = "libc++";
				CLANG_ENABLE_MODULES = YES;
				CLANG_ENABLE_OBJC_ARC = YES;
				CLANG_ENABLE_OBJC_WEAK = YES;
				CLANG_WARN_BLOCK_CAPTURE_AUTORELEASING = YES;
				CLANG_WARN_BOOL_CONVERSION = YES;
				CLANG_WARN_COMMA = YES;
				CLANG_WARN_CONSTANT_CONVERSION = YES;
				CLANG_WARN_DEPRECATED_OBJC_IMPLEMENTATIONS = YES;
				CLANG_WARN_DIRECT_OBJC_ISA_USAGE = YES_ERROR;
				CLANG_WARN_DOCUMENTATION_COMMENTS = YES;
				CLANG_WARN_EMPTY_BODY = YES;
				CLANG_WARN_ENUM_CONVERSION = YES;
				CLANG_WARN_INFINITE_RECURSION = YES;
				CLANG_WARN_INT_CONVERSION = YES;
				CLANG_WARN_NON_LITERAL_NULL_CONVERSION = YES;
				CLANG_WARN_OBJC_IMPLICIT_RETAIN_SELF = YES;
				CLANG_WARN_OBJC_LITERAL_CONVERSION = YES;
				CLANG_WARN_OBJC_ROOT_CLASS = YES_ERROR;
				CLANG_WARN_RANGE_LOOP_ANALYSIS = YES;
				CLANG_WARN_STRICT_PROTOTYPES = YES;
				CLANG_WARN_SUSPICIOUS_MOVE = YES;
				CLANG_WARN_UNGUARDED_AVAILABILITY = YES_AGGRESSIVE;
				CLANG_WARN_UNREACHABLE_CODE = YES;
				CLANG_WARN__DUPLICATE_METHOD_MATCH = YES;
				CODE_SIGN_IDENTITY = "iPhone Developer";
				COPY_PHASE_STRIP = NO;
				DEBUG_INFORMATION_FORMAT = "dwarf-with-dsym";
				ENABLE_NS_ASSERTIONS = NO;
				ENABLE_STRICT_OBJC_MSGSEND = YES;
				GCC_C_LANGUAGE_STANDARD = gnu11;
				GCC_NO_COMMON_BLOCKS = YES;
				GCC_WARN_64_TO_32_BIT_CONVERSION = YES;
				GCC_WARN_ABOUT_RETURN_TYPE = YES_ERROR;
				GCC_WARN_UNDECLARED_SELECTOR = YES;
				GCC_WARN_UNINITIALIZED_AUTOS = YES_AGGRESSIVE;
				GCC_WARN_UNUSED_FUNCTION = YES;
				GCC_WARN_UNUSED_VARIABLE = YES;
				IPHONEOS_DEPLOYMENT_TARGET = 12.2;
				MTL_ENABLE_DEBUG_INFO = NO;
				MTL_FAST_MATH = YES;
				SDKROOT = iphoneos;
				SWIFT_COMPILATION_MODE = wholemodule;
				SWIFT_OPTIMIZATION_LEVEL = "-O";
				VALIDATE_PRODUCT = YES;
			};
			name = Release;
		};
		1AE0B42122A328AB00CB2B98 /* Debug */ = {
			isa = XCBuildConfiguration;
			buildSettings = {
				ASSETCATALOG_COMPILER_APPICON_NAME = AppIcon;
				CODE_SIGN_STYLE = Automatic;
				DEVELOPMENT_TEAM = 32V8P4U4QQ;
				INFOPLIST_FILE = "Light up the night/Info.plist";
				LD_RUNPATH_SEARCH_PATHS = (
					"$(inherited)",
					"@executable_path/Frameworks",
				);
				PRODUCT_BUNDLE_IDENTIFIER = "au.com.archa.Light-up-the-night";
				PRODUCT_NAME = "$(TARGET_NAME)";
				SWIFT_VERSION = 5.0;
				TARGETED_DEVICE_FAMILY = 1;
			};
			name = Debug;
		};
		1AE0B42222A328AB00CB2B98 /* Release */ = {
			isa = XCBuildConfiguration;
			buildSettings = {
				ASSETCATALOG_COMPILER_APPICON_NAME = AppIcon;
				CODE_SIGN_STYLE = Automatic;
				DEVELOPMENT_TEAM = 32V8P4U4QQ;
				INFOPLIST_FILE = "Light up the night/Info.plist";
				LD_RUNPATH_SEARCH_PATHS = (
					"$(inherited)",
					"@executable_path/Frameworks",
				);
				PRODUCT_BUNDLE_IDENTIFIER = "au.com.archa.Light-up-the-night";
				PRODUCT_NAME = "$(TARGET_NAME)";
				SWIFT_VERSION = 5.0;
				TARGETED_DEVICE_FAMILY = 1;
			};
			name = Release;
		};
/* End XCBuildConfiguration section */

/* Begin XCConfigurationList section */
		1AE0B40922A328A800CB2B98 /* Build configuration list for PBXProject "Light up the night" */ = {
			isa = XCConfigurationList;
			buildConfigurations = (
				1AE0B41E22A328AB00CB2B98 /* Debug */,
				1AE0B41F22A328AB00CB2B98 /* Release */,
			);
			defaultConfigurationIsVisible = 0;
			defaultConfigurationName = Release;
		};
		1AE0B42022A328AB00CB2B98 /* Build configuration list for PBXNativeTarget "Light up the night" */ = {
			isa = XCConfigurationList;
			buildConfigurations = (
				1AE0B42122A328AB00CB2B98 /* Debug */,
				1AE0B42222A328AB00CB2B98 /* Release */,
			);
			defaultConfigurationIsVisible = 0;
			defaultConfigurationName = Release;
		};
/* End XCConfigurationList section */
	};
	rootObject = 1AE0B40622A328A800CB2B98 /* Project object */;
}
